<?xml version="1.0" encoding="utf-8"?>
<Project ToolsVersion="4.0" xmlns="http://schemas.microsoft.com/developer/msbuild/2003">
  <ItemGroup>
    <Filter Include="Source Files">
      <UniqueIdentifier>{4FC737F1-C7A5-4376-A066-2A32D752A2FF}</UniqueIdentifier>
      <Extensions>cpp;c;cc;cxx;c++;cppm;ixx;def;odl;idl;hpj;bat;asm;asmx</Extensions>
    </Filter>
    <Filter Include="Header Files">
      <UniqueIdentifier>{93995380-89BD-4b04-88EB-625FBE52EBFB}</UniqueIdentifier>
      <Extensions>h;hh;hpp;hxx;h++;hm;inl;inc;ipp;xsd</Extensions>
    </Filter>
    <Filter Include="Resource Files">
      <UniqueIdentifier>{67DA6AB6-F800-4c08-8B7A-83BB121AAD01}</UniqueIdentifier>
      <Extensions>rc;ico;cur;bmp;dlg;rc2;rct;bin;rgs;gif;jpg;jpeg;jpe;resx;tiff;tif;png;wav;mfcribbon-ms</Extensions>
    </Filter>
  </ItemGroup>
  <ItemGroup>
    <ClCompile Include="src\ades_out.cpp">
      <Filter>Source Files</Filter>
    </ClCompile>
    <ClCompile Include="src\bc405.cpp">
      <Filter>Source Files</Filter>
    </ClCompile>
    <ClCompile Include="src\bias.cpp">
      <Filter>Source Files</Filter>
    </ClCompile>
    <ClCompile Include="src\clipfunc.cpp">
      <Filter>Source Files</Filter>
    </ClCompile>
    <ClCompile Include="src\collide.cpp">
      <Filter>Source Files</Filter>
    </ClCompile>
    <ClCompile Include="src\conv_ele.cpp">
      <Filter>Source Files</Filter>
    </ClCompile>
    <ClCompile Include="src\details.cpp">
      <Filter>Source Files</Filter>
    </ClCompile>
    <ClCompile Include="src\eigen.cpp">
      <Filter>Source Files</Filter>
    </ClCompile>
    <ClCompile Include="src\elem_ou2.cpp">
      <Filter>Source Files</Filter>
    </ClCompile>
    <ClCompile Include="src\elem_out.cpp">
      <Filter>Source Files</Filter>
    </ClCompile>
    <ClCompile Include="src\elem2tle.cpp">
      <Filter>Source Files</Filter>
    </ClCompile>
    <ClCompile Include="src\ephem0.cpp">
      <Filter>Source Files</Filter>
    </ClCompile>
    <ClCompile Include="src\errors.cpp">
      <Filter>Source Files</Filter>
    </ClCompile>
    <ClCompile Include="src\expcalc.cpp">
      <Filter>Source Files</Filter>
    </ClCompile>
    <ClCompile Include="src\findorb.cpp">
      <Filter>Source Files</Filter>
    </ClCompile>
    <ClCompile Include="src\gauss.cpp">
      <Filter>Source Files</Filter>
    </ClCompile>
    <ClCompile Include="src\geo_pot.cpp">
      <Filter>Source Files</Filter>
    </ClCompile>
    <ClCompile Include="src\getstrex.cpp">
      <Filter>Source Files</Filter>
    </ClCompile>
    <ClCompile Include="src\healpix.cpp">
      <Filter>Source Files</Filter>
    </ClCompile>
    <ClCompile Include="src\lsquare.cpp">
      <Filter>Source Files</Filter>
    </ClCompile>
    <ClCompile Include="src\miscell.cpp">
      <Filter>Source Files</Filter>
    </ClCompile>
    <ClCompile Include="src\monte0.cpp">
      <Filter>Source Files</Filter>
    </ClCompile>
    <ClCompile Include="src\mpc_obs.cpp">
      <Filter>Source Files</Filter>
    </ClCompile>
    <ClCompile Include="src\nanosecs.cpp">
      <Filter>Source Files</Filter>
    </ClCompile>
    <ClCompile Include="src\orb_fun2.cpp">
      <Filter>Source Files</Filter>
    </ClCompile>
    <ClCompile Include="src\orb_func.cpp">
      <Filter>Source Files</Filter>
    </ClCompile>
    <ClCompile Include="src\pl_cache.cpp">
      <Filter>Source Files</Filter>
    </ClCompile>
    <ClCompile Include="src\roots.cpp">
      <Filter>Source Files</Filter>
    </ClCompile>
    <ClCompile Include="src\runge.cpp">
      <Filter>Source Files</Filter>
    </ClCompile>
    <ClCompile Include="src\shellsor.cpp">
      <Filter>Source Files</Filter>
    </ClCompile>
    <ClCompile Include="src\sigma.cpp">
      <Filter>Source Files</Filter>
    </ClCompile>
    <ClCompile Include="src\simplex.cpp">
      <Filter>Source Files</Filter>
    </ClCompile>
    <ClCompile Include="src\sm_vsop.cpp">
      <Filter>Source Files</Filter>
    </ClCompile>
    <ClCompile Include="src\sr.cpp">
      <Filter>Source Files</Filter>
    </ClCompile>
    <ClCompile Include="src\stackall.cpp">
      <Filter>Source Files</Filter>
    </ClCompile>
  </ItemGroup>
  <ItemGroup>
    <ClInclude Include="src\constant.h">
      <Filter>Header Files</Filter>
    </ClInclude>
    <ClInclude Include="src\curs_lin.h">
      <Filter>Header Files</Filter>
    </ClInclude>
    <ClInclude Include="src\details.h">
      <Filter>Header Files</Filter>
    </ClInclude>
    <ClInclude Include="src\expcalc.h">
      <Filter>Header Files</Filter>
    </ClInclude>
    <ClInclude Include="src\generic.h">
      <Filter>Header Files</Filter>
    </ClInclude>
    <ClInclude Include="src\lsquare.h">
      <Filter>Header Files</Filter>
    </ClInclude>
    <ClInclude Include="src\monte.h">
      <Filter>Header Files</Filter>
    </ClInclude>
    <ClInclude Include="src\monte0.h">
      <Filter>Header Files</Filter>
    </ClInclude>
    <ClInclude Include="src\mpc_obs.h">
      <Filter>Header Files</Filter>
    </ClInclude>
    <ClInclude Include="src\mycurses.h">
      <Filter>Header Files</Filter>
    </ClInclude>
    <ClInclude Include="src\pl_cache.h">
      <Filter>Header Files</Filter>
    </ClInclude>
    <ClInclude Include="src\resource.h">
      <Filter>Header Files</Filter>
    </ClInclude>
    <ClInclude Include="src\rgb_defs.h">
      <Filter>Header Files</Filter>
    </ClInclude>
    <ClInclude Include="src\settings.h">
      <Filter>Header Files</Filter>
    </ClInclude>
    <ClInclude Include="src\sigma.h">
      <Filter>Header Files</Filter>
    </ClInclude>
    <ClInclude Include="src\stackall.h">
      <Filter>Header Files</Filter>
    </ClInclude>
    <ClInclude Include="src\ephem0.h">
      <Filter>Header Files</Filter>
    </ClInclude>
    <ClInclude Include="src\miscell.h">
      <Filter>Header Files</Filter>
    </ClInclude>
    <ClInclude Include="src\elem_out.h">
      <Filter>Header Files</Filter>
    </ClInclude>
    <ClInclude Include="src\bc405.h">
      <Filter>Header Files</Filter>
    </ClInclude>
    <ClInclude Include="src\healpix.h">
      <Filter>Header Files</Filter>
    </ClInclude>
    <ClInclude Include="src\bias.h">
      <Filter>Header Files</Filter>
    </ClInclude>
    <ClInclude Include="src\clipfunc.h">
      <Filter>Header Files</Filter>
    </ClInclude>
    <ClInclude Include="src\collide.h">
      <Filter>Header Files</Filter>
    </ClInclude>
    <ClInclude Include="src\eigen.h">
      <Filter>Header Files</Filter>
    </ClInclude>
    <ClInclude Include="src\elem_ou2.h">
      <Filter>Header Files</Filter>
    </ClInclude>
    <ClInclude Include="src\elem2tle.h">
      <Filter>Header Files</Filter>
    </ClInclude>
    <ClInclude Include="src\orbfunc.h">
      <Filter>Header Files</Filter>
    </ClInclude>
    <ClInclude Include="src\nanosecs.h">
      <Filter>Header Files</Filter>
    </ClInclude>
    <ClInclude Include="src\runge.h">
      <Filter>Header Files</Filter>
    </ClInclude>
    <ClInclude Include="src\orbfunc2.h">
      <Filter>Header Files</Filter>
    </ClInclude>
    <ClInclude Include="src\shellsor.h">
      <Filter>Header Files</Filter>
    </ClInclude>
    <ClInclude Include="src\convele.h">
      <Filter>Header Files</Filter>
    </ClInclude>
  </ItemGroup>
  <ItemGroup>
    <None Include="src\mpcorb.hdr">
      <Filter>Header Files</Filter>
    </None>
  </ItemGroup>
  <ItemGroup>
    <Text Include="src\calendar.txt">
      <Filter>Resource Files</Filter>
    </Text>
    <Text Include="src\command.txt">
      <Filter>Resource Files</Filter>
    </Text>
    <Text Include="src\cospar.txt">
      <Filter>Resource Files</Filter>
    </Text>
    <Text Include="src\details.txt">
      <Filter>Resource Files</Filter>
    </Text>
    <Text Include="src\dfindorb.txt">
      <Filter>Resource Files</Filter>
    </Text>
    <Text Include="src\dos_help.txt">
      <Filter>Resource Files</Filter>
    </Text>
    <Text Include="src\dosephem.txt">
      <Filter>Resource Files</Filter>
    </Text>
    <Text Include="src\dosfhelp.txt">
      <Filter>Resource Files</Filter>
    </Text>
    <Text Include="src\efindorb.txt">
      <Filter>Resource Files</Filter>
    </Text>
    <Text Include="src\elem_pop.txt">
      <Filter>Resource Files</Filter>
    </Text>
    <Text Include="src\eph_expl.txt">
      <Filter>Resource Files</Filter>
    </Text>
    <Text Include="src\eph_type.txt">
      <Filter>Resource Files</Filter>
    </Text>
    <Text Include="src\eph2tle.txt">
      <Filter>Resource Files</Filter>
    </Text>
    <Text Include="src\example.txt">
      <Filter>Resource Files</Filter>
    </Text>
    <Text Include="src\ffindorb.txt">
      <Filter>Resource Files</Filter>
    </Text>
    <Text Include="src\force.txt">
      <Filter>Resource Files</Filter>
    </Text>
    <Text Include="src\frame_he.txt">
      <Filter>Resource Files</Filter>
    </Text>
    <Text Include="src\full.txt">
      <Filter>Resource Files</Filter>
    </Text>
    <Text Include="src\geo_rect.txt">
      <Filter>Resource Files</Filter>
    </Text>
    <Text Include="src\ifindorb.txt">
      <Filter>Resource Files</Filter>
    </Text>
    <Text Include="src\jpl_eph.txt">
      <Filter>Resource Files</Filter>
    </Text>
    <Text Include="src\mpc_area.txt">
      <Filter>Resource Files</Filter>
    </Text>
    <Text Include="src\mu1.txt">
      <Filter>Resource Files</Filter>
    </Text>
    <Text Include="src\nongravs.txt">
      <Filter>Resource Files</Filter>
    </Text>
    <Text Include="src\obj_help.txt">
      <Filter>Resource Files</Filter>
    </Text>
    <Text Include="src\obj_name.txt">
      <Filter>Resource Files</Filter>
    </Text>
    <Text Include="src\odd_name.txt">
      <Filter>Resource Files</Filter>
    </Text>
    <Text Include="src\openfile.txt">
      <Filter>Resource Files</Filter>
    </Text>
    <Text Include="src\pl_cache.txt">
      <Filter>Resource Files</Filter>
    </Text>
    <Text Include="src\precover.txt">
      <Filter>Resource Files</Filter>
    </Text>
    <Text Include="src\progcode.txt">
      <Filter>Resource Files</Filter>
    </Text>
    <Text Include="src\radecfmt.txt">
      <Filter>Resource Files</Filter>
    </Text>
    <Text Include="src\residfmt.txt">
      <Filter>Resource Files</Filter>
    </Text>
    <Text Include="src\rfindorb.txt">
      <Filter>Resource Files</Filter>
    </Text>
    <Text Include="src\rovers.txt">
      <Filter>Resource Files</Filter>
    </Text>
    <Text Include="src\sat_xref.txt">
      <Filter>Resource Files</Filter>
    </Text>
    <Text Include="src\scopes.txt">
      <Filter>Resource Files</Filter>
    </Text>
    <Text Include="src\sfindorb.txt">
      <Filter>Resource Files</Filter>
    </Text>
    <Text Include="src\sigma.txt">
      <Filter>Resource Files</Filter>
    </Text>
    <Text Include="src\site_310.txt">
      <Filter>Resource Files</Filter>
    </Text>
    <Text Include="src\splash.txt">
      <Filter>Resource Files</Filter>
    </Text>
    <Text Include="src\time_fmt.txt">
      <Filter>Resource Files</Filter>
    </Text>
    <Text Include="src\timehelp.txt">
      <Filter>Resource Files</Filter>
    </Text>
    <Text Include="src\worldmap.txt">
      <Filter>Resource Files</Filter>
    </Text>
    <Text Include="src\xdesig.txt">
      <Filter>Resource Files</Filter>
    </Text>
  </ItemGroup>
</Project>