<?xml version="1.0" encoding="utf-8"?>
<Project ToolsVersion="4.0" xmlns="http://schemas.microsoft.com/developer/msbuild/2003">
  <ItemGroup>
    <Filter Include="Source Files">
      <UniqueIdentifier>{4FC737F1-C7A5-4376-A066-2A32D752A2FF}</UniqueIdentifier>
      <Extensions>cpp;c;cc;cxx;c++;cppm;ixx;def;odl;idl;hpj;bat;asm;asmx</Extensions>
    </Filter>
    <Filter Include="Header Files">
      <UniqueIdentifier>{93995380-89BD-4b04-88EB-625FBE52EBFB}</UniqueIdentifier>
      <Extensions>h;hh;hpp;hxx;h++;hm;inl;inc;ipp;xsd</Extensions>
    </Filter>
    <Filter Include="Resource Files">
      <UniqueIdentifier>{67DA6AB6-F800-4c08-8B7A-83BB121AAD01}</UniqueIdentifier>
      <Extensions>rc;ico;cur;bmp;dlg;rc2;rct;bin;rgs;gif;jpg;jpeg;jpe;resx;tiff;tif;png;wav;mfcribbon-ms</Extensions>
    </Filter>
    <Filter Include="def">
      <UniqueIdentifier>{a9867883-c556-4d04-b2de-e4004ab72565}</UniqueIdentifier>
    </Filter>
  </ItemGroup>
  <ItemGroup>
    <ClInclude Include="src\afuncs.h">
      <Filter>Header Files</Filter>
    </ClInclude>
    <ClInclude Include="src\brentmin.h">
      <Filter>Header Files</Filter>
    </ClInclude>
    <ClInclude Include="src\cgi_func.h">
      <Filter>Header Files</Filter>
    </ClInclude>
    <ClInclude Include="src\chinese.h">
      <Filter>Header Files</Filter>
    </ClInclude>
    <ClInclude Include="src\colors.h">
      <Filter>Header Files</Filter>
    </ClInclude>
    <ClInclude Include="src\comets.h">
      <Filter>Header Files</Filter>
    </ClInclude>
    <ClInclude Include="src\date.h">
      <Filter>Header Files</Filter>
    </ClInclude>
    <ClInclude Include="src\get_bin.h">
      <Filter>Header Files</Filter>
    </ClInclude>
    <ClInclude Include="src\gust86.h">
      <Filter>Header Files</Filter>
    </ClInclude>
    <ClInclude Include="src\jpl_xref.h">
      <Filter>Header Files</Filter>
    </ClInclude>
    <ClInclude Include="src\lun_tran.h">
      <Filter>Header Files</Filter>
    </ClInclude>
    <ClInclude Include="src\lunar.h">
      <Filter>Header Files</Filter>
    </ClInclude>
    <ClInclude Include="src\mjd_defs.h">
      <Filter>Header Files</Filter>
    </ClInclude>
    <ClInclude Include="src\mpc_func.h">
      <Filter>Header Files</Filter>
    </ClInclude>
    <ClInclude Include="src\riseset3.h">
      <Filter>Header Files</Filter>
    </ClInclude>
    <ClInclude Include="src\showelem.h">
      <Filter>Header Files</Filter>
    </ClInclude>
    <ClInclude Include="src\stringex.h">
      <Filter>Header Files</Filter>
    </ClInclude>
    <ClInclude Include="src\vislimit.h">
      <Filter>Header Files</Filter>
    </ClInclude>
    <ClInclude Include="src\watdefs.h">
      <Filter>Header Files</Filter>
    </ClInclude>
  </ItemGroup>
  <ItemGroup>
    <None Include="src\gaia.hdr">
      <Filter>Header Files</Filter>
    </None>
    <None Include="src\lunar64.def">
      <Filter>def</Filter>
    </None>
  </ItemGroup>
  <ItemGroup>
    <ClCompile Include="src\ades2mpc.cpp">
      <Filter>Source Files</Filter>
    </ClCompile>
    <ClCompile Include="src\alt_az.cpp">
      <Filter>Source Files</Filter>
    </ClCompile>
    <ClCompile Include="src\big_vsop.cpp">
      <Filter>Source Files</Filter>
    </ClCompile>
    <ClCompile Include="src\brentmin.cpp">
      <Filter>Source Files</Filter>
    </ClCompile>
    <ClCompile Include="src\classel.cpp">
      <Filter>Source Files</Filter>
    </ClCompile>
    <ClCompile Include="src\com_file.cpp">
      <Filter>Source Files</Filter>
    </ClCompile>
    <ClCompile Include="src\conbound.c">
      <Filter>Source Files</Filter>
    </ClCompile>
    <ClCompile Include="src\cospar.cpp">
      <Filter>Source Files</Filter>
    </ClCompile>
    <ClCompile Include="src\date.cpp">
      <Filter>Source Files</Filter>
    </ClCompile>
    <ClCompile Include="src\de_plan.cpp">
      <Filter>Source Files</Filter>
    </ClCompile>
    <ClCompile Include="src\delta_t.cpp">
      <Filter>Source Files</Filter>
    </ClCompile>
    <ClCompile Include="src\dist.cpp">
      <Filter>Source Files</Filter>
    </ClCompile>
    <ClCompile Include="src\elp82dat.cpp">
      <Filter>Source Files</Filter>
    </ClCompile>
    <ClCompile Include="src\eop_prec.cpp">
      <Filter>Source Files</Filter>
    </ClCompile>
    <ClCompile Include="src\get_time.cpp">
      <Filter>Source Files</Filter>
    </ClCompile>
    <ClCompile Include="src\getplane.cpp">
      <Filter>Source Files</Filter>
    </ClCompile>
    <ClCompile Include="src\jsats.cpp">
      <Filter>Source Files</Filter>
    </ClCompile>
    <ClCompile Include="src\lunar2.cpp">
      <Filter>Source Files</Filter>
    </ClCompile>
    <ClCompile Include="src\miscell.cpp">
      <Filter>Source Files</Filter>
    </ClCompile>
    <ClCompile Include="src\moid.cpp">
      <Filter>Source Files</Filter>
    </ClCompile>
    <ClCompile Include="src\mpc_code.cpp">
      <Filter>Source Files</Filter>
    </ClCompile>
    <ClCompile Include="src\mpc_fmt.cpp">
      <Filter>Source Files</Filter>
    </ClCompile>
    <ClCompile Include="src\mpc_fmt2.cpp">
      <Filter>Source Files</Filter>
    </ClCompile>
    <ClCompile Include="src\pluto.cpp">
      <Filter>Source Files</Filter>
    </ClCompile>
    <ClCompile Include="src\precess.cpp">
      <Filter>Source Files</Filter>
    </ClCompile>
    <ClCompile Include="src\refract.cpp">
      <Filter>Source Files</Filter>
    </ClCompile>
    <ClCompile Include="src\refract4.cpp">
      <Filter>Source Files</Filter>
    </ClCompile>
    <ClCompile Include="src\rocks.cpp">
      <Filter>Source Files</Filter>
    </ClCompile>
    <ClCompile Include="src\showelem.cpp">
      <Filter>Source Files</Filter>
    </ClCompile>
    <ClCompile Include="src\snprintf.cpp">
      <Filter>Source Files</Filter>
    </ClCompile>
    <ClCompile Include="src\sof.cpp">
      <Filter>Source Files</Filter>
    </ClCompile>
    <ClCompile Include="src\spline.cpp">
      <Filter>Source Files</Filter>
    </ClCompile>
    <ClCompile Include="src\ssats.cpp">
      <Filter>Source Files</Filter>
    </ClCompile>
    <ClCompile Include="src\triton.cpp">
      <Filter>Source Files</Filter>
    </ClCompile>
    <ClCompile Include="src\unpack.cpp">
      <Filter>Source Files</Filter>
    </ClCompile>
    <ClCompile Include="src\vislimit.cpp">
      <Filter>Source Files</Filter>
    </ClCompile>
    <ClCompile Include="src\vsopson.cpp">
      <Filter>Source Files</Filter>
    </ClCompile>
    <ClCompile Include="src\astfuncs.cpp">
      <Filter>Source Files</Filter>
    </ClCompile>
    <ClCompile Include="src\dist_pa.cpp">
      <Filter>Source Files</Filter>
    </ClCompile>
    <ClCompile Include="src\nanosecs.cpp">
      <Filter>Source Files</Filter>
    </ClCompile>
    <ClCompile Include="src\nutation.cpp">
      <Filter>Source Files</Filter>
    </ClCompile>
    <ClCompile Include="src\obliquit.cpp">
      <Filter>Source Files</Filter>
    </ClCompile>
  </ItemGroup>
</Project>